// !$*UTF8*$!
{
	archiveVersion = 1;
	classes = {
	};
	objectVersion = 46;
	objects = {

/* Begin PBXBuildFile section */
		16FBE0901A9DB19000B6A3F5 /* main.m in Sources */ = {isa = PBXBuildFile; fileRef = 16FBE08F1A9DB19000B6A3F5 /* main.m */; };
		16FBE0931A9DB19000B6A3F5 /* AppDelegate.m in Sources */ = {isa = PBXBuildFile; fileRef = 16FBE0921A9DB19000B6A3F5 /* AppDelegate.m */; };
		16FBE0961A9DB19000B6A3F5 /* GameScene.m in Sources */ = {isa = PBXBuildFile; fileRef = 16FBE0951A9DB19000B6A3F5 /* GameScene.m */; };
		16FBE0981A9DB19000B6A3F5 /* GameScene.sks in Resources */ = {isa = PBXBuildFile; fileRef = 16FBE0971A9DB19000B6A3F5 /* GameScene.sks */; };
		16FBE09B1A9DB19000B6A3F5 /* GameViewController.m in Sources */ = {isa = PBXBuildFile; fileRef = 16FBE09A1A9DB19000B6A3F5 /* GameViewController.m */; };
		16FBE09E1A9DB19000B6A3F5 /* Main.storyboard in Resources */ = {isa = PBXBuildFile; fileRef = 16FBE09C1A9DB19000B6A3F5 /* Main.storyboard */; };
		16FBE0A01A9DB19000B6A3F5 /* Images.xcassets in Resources */ = {isa = PBXBuildFile; fileRef = 16FBE09F1A9DB19000B6A3F5 /* Images.xcassets */; };
		16FBE0A31A9DB19000B6A3F5 /* LaunchScreen.xib in Resources */ = {isa = PBXBuildFile; fileRef = 16FBE0A11A9DB19000B6A3F5 /* LaunchScreen.xib */; };
		16FBE0AF1A9DB19000B6A3F5 /* XXJoyStickTests.m in Sources */ = {isa = PBXBuildFile; fileRef = 16FBE0AE1A9DB19000B6A3F5 /* XXJoyStickTests.m */; };
		16FBE0C41A9DB21C00B6A3F5 /* dpad.png in Resources */ = {isa = PBXBuildFile; fileRef = 16FBE0C21A9DB21C00B6A3F5 /* dpad.png */; };
		16FBE0C51A9DB21C00B6A3F5 /* joystick.png in Resources */ = {isa = PBXBuildFile; fileRef = 16FBE0C31A9DB21C00B6A3F5 /* joystick.png */; };
		16FBE0C81A9DB23A00B6A3F5 /* XXJoyStickNode.m in Sources */ = {isa = PBXBuildFile; fileRef = 16FBE0C71A9DB23A00B6A3F5 /* XXJoyStickNode.m */; };
/* End PBXBuildFile section */

/* Begin PBXContainerItemProxy section */
		16FBE0A91A9DB19000B6A3F5 /* PBXContainerItemProxy */ = {
			isa = PBXContainerItemProxy;
			containerPortal = 16FBE0821A9DB19000B6A3F5 /* Project object */;
			proxyType = 1;
			remoteGlobalIDString = 16FBE0891A9DB19000B6A3F5;
			remoteInfo = XXJoyStick;
		};
/* End PBXContainerItemProxy section */

/* Begin PBXFileReference section */
		16FBE08A1A9DB19000B6A3F5 /* XXJoyStick.app */ = {isa = PBXFileReference; explicitFileType = wrapper.application; includeInIndex = 0; path = XXJoyStick.app; sourceTree = BUILT_PRODUCTS_DIR; };
		16FBE08E1A9DB19000B6A3F5 /* Info.plist */ = {isa = PBXFileReference; lastKnownFileType = text.plist.xml; path = Info.plist; sourceTree = "<group>"; };
		16FBE08F1A9DB19000B6A3F5 /* main.m */ = {isa = PBXFileReference; lastKnownFileType = sourcecode.c.objc; path = main.m; sourceTree = "<group>"; };
		16FBE0911A9DB19000B6A3F5 /* AppDelegate.h */ = {isa = PBXFileReference; lastKnownFileType = sourcecode.c.h; path = AppDelegate.h; sourceTree = "<group>"; };
		16FBE0921A9DB19000B6A3F5 /* AppDelegate.m */ = {isa = PBXFileReference; lastKnownFileType = sourcecode.c.objc; path = AppDelegate.m; sourceTree = "<group>"; };
		16FBE0941A9DB19000B6A3F5 /* GameScene.h */ = {isa = PBXFileReference; lastKnownFileType = sourcecode.c.h; path = GameScene.h; sourceTree = "<group>"; };
		16FBE0951A9DB19000B6A3F5 /* GameScene.m */ = {isa = PBXFileReference; lastKnownFileType = sourcecode.c.objc; path = GameScene.m; sourceTree = "<group>"; };
		16FBE0971A9DB19000B6A3F5 /* GameScene.sks */ = {isa = PBXFileReference; lastKnownFileType = file.sks; path = GameScene.sks; sourceTree = "<group>"; };
		16FBE0991A9DB19000B6A3F5 /* GameViewController.h */ = {isa = PBXFileReference; lastKnownFileType = sourcecode.c.h; path = GameViewController.h; sourceTree = "<group>"; };
		16FBE09A1A9DB19000B6A3F5 /* GameViewController.m */ = {isa = PBXFileReference; lastKnownFileType = sourcecode.c.objc; path = GameViewController.m; sourceTree = "<group>"; };
		16FBE09D1A9DB19000B6A3F5 /* Base */ = {isa = PBXFileReference; lastKnownFileType = file.storyboard; name = Base; path = Base.lproj/Main.storyboard; sourceTree = "<group>"; };
		16FBE09F1A9DB19000B6A3F5 /* Images.xcassets */ = {isa = PBXFileReference; lastKnownFileType = folder.assetcatalog; path = Images.xcassets; sourceTree = "<group>"; };
		16FBE0A21A9DB19000B6A3F5 /* Base */ = {isa = PBXFileReference; lastKnownFileType = file.xib; name = Base; path = Base.lproj/LaunchScreen.xib; sourceTree = "<group>"; };
		16FBE0A81A9DB19000B6A3F5 /* XXJoyStickTests.xctest */ = {isa = PBXFileReference; explicitFileType = wrapper.cfbundle; includeInIndex = 0; path = XXJoyStickTests.xctest; sourceTree = BUILT_PRODUCTS_DIR; };
		16FBE0AD1A9DB19000B6A3F5 /* Info.plist */ = {isa = PBXFileReference; lastKnownFileType = text.plist.xml; path = Info.plist; sourceTree = "<group>"; };
		16FBE0AE1A9DB19000B6A3F5 /* XXJoyStickTests.m */ = {isa = PBXFileReference; lastKnownFileType = sourcecode.c.objc; path = XXJoyStickTests.m; sourceTree = "<group>"; };
		16FBE0C21A9DB21C00B6A3F5 /* dpad.png */ = {isa = PBXFileReference; lastKnownFileType = image.png; path = dpad.png; sourceTree = "<group>"; };
		16FBE0C31A9DB21C00B6A3F5 /* joystick.png */ = {isa = PBXFileReference; lastKnownFileType = image.png; path = joystick.png; sourceTree = "<group>"; };
		16FBE0C61A9DB23A00B6A3F5 /* XXJoyStickNode.h */ = {isa = PBXFileReference; fileEncoding = 4; lastKnownFileType = sourcecode.c.h; path = XXJoyStickNode.h; sourceTree = "<group>"; };
		16FBE0C71A9DB23A00B6A3F5 /* XXJoyStickNode.m */ = {isa = PBXFileReference; fileEncoding = 4; lastKnownFileType = sourcecode.c.objc; path = XXJoyStickNode.m; sourceTree = "<group>"; };
/* End PBXFileReference section */

/* Begin PBXFrameworksBuildPhase section */
		16FBE0871A9DB19000B6A3F5 /* Frameworks */ = {
			isa = PBXFrameworksBuildPhase;
			buildActionMask = 2147483647;
			files = (
			);
			runOnlyForDeploymentPostprocessing = 0;
		};
		16FBE0A51A9DB19000B6A3F5 /* Frameworks */ = {
			isa = PBXFrameworksBuildPhase;
			buildActionMask = 2147483647;
			files = (
			);
			runOnlyForDeploymentPostprocessing = 0;
		};
/* End PBXFrameworksBuildPhase section */

/* Begin PBXGroup section */
		16FBE0811A9DB19000B6A3F5 = {
			isa = PBXGroup;
			children = (
				16FBE08C1A9DB19000B6A3F5 /* XXJoyStick */,
				16FBE0AB1A9DB19000B6A3F5 /* XXJoyStickTests */,
				16FBE08B1A9DB19000B6A3F5 /* Products */,
			);
			sourceTree = "<group>";
		};
		16FBE08B1A9DB19000B6A3F5 /* Products */ = {
			isa = PBXGroup;
			children = (
				16FBE08A1A9DB19000B6A3F5 /* XXJoyStick.app */,
				16FBE0A81A9DB19000B6A3F5 /* XXJoyStickTests.xctest */,
			);
			name = Products;
			sourceTree = "<group>";
		};
		16FBE08C1A9DB19000B6A3F5 /* XXJoyStick */ = {
			isa = PBXGroup;
			children = (
				16FBE0C11A9DB21C00B6A3F5 /* XXJoyStickNode */,
				16FBE0911A9DB19000B6A3F5 /* AppDelegate.h */,
				16FBE0921A9DB19000B6A3F5 /* AppDelegate.m */,
				16FBE0941A9DB19000B6A3F5 /* GameScene.h */,
				16FBE0951A9DB19000B6A3F5 /* GameScene.m */,
				16FBE0971A9DB19000B6A3F5 /* GameScene.sks */,
				16FBE0991A9DB19000B6A3F5 /* GameViewController.h */,
				16FBE09A1A9DB19000B6A3F5 /* GameViewController.m */,
				16FBE09C1A9DB19000B6A3F5 /* Main.storyboard */,
				16FBE09F1A9DB19000B6A3F5 /* Images.xcassets */,
				16FBE0A11A9DB19000B6A3F5 /* LaunchScreen.xib */,
				16FBE08D1A9DB19000B6A3F5 /* Supporting Files */,
			);
			path = XXJoyStick;
			sourceTree = "<group>";
		};
		16FBE08D1A9DB19000B6A3F5 /* Supporting Files */ = {
			isa = PBXGroup;
			children = (
				16FBE08E1A9DB19000B6A3F5 /* Info.plist */,
				16FBE08F1A9DB19000B6A3F5 /* main.m */,
			);
			name = "Supporting Files";
			sourceTree = "<group>";
		};
		16FBE0AB1A9DB19000B6A3F5 /* XXJoyStickTests */ = {
			isa = PBXGroup;
			children = (
				16FBE0AE1A9DB19000B6A3F5 /* XXJoyStickTests.m */,
				16FBE0AC1A9DB19000B6A3F5 /* Supporting Files */,
			);
			path = XXJoyStickTests;
			sourceTree = "<group>";
		};
		16FBE0AC1A9DB19000B6A3F5 /* Supporting Files */ = {
			isa = PBXGroup;
			children = (
				16FBE0AD1A9DB19000B6A3F5 /* Info.plist */,
			);
			name = "Supporting Files";
			sourceTree = "<group>";
		};
		16FBE0C11A9DB21C00B6A3F5 /* XXJoyStickNode */ = {
			isa = PBXGroup;
			children = (
				16FBE0C21A9DB21C00B6A3F5 /* dpad.png */,
				16FBE0C31A9DB21C00B6A3F5 /* joystick.png */,
				16FBE0C61A9DB23A00B6A3F5 /* XXJoyStickNode.h */,
				16FBE0C71A9DB23A00B6A3F5 /* XXJoyStickNode.m */,
			);
			path = XXJoyStickNode;
			sourceTree = "<group>";
		};
/* End PBXGroup section */

/* Begin PBXNativeTarget section */
		16FBE0891A9DB19000B6A3F5 /* XXJoyStick */ = {
			isa = PBXNativeTarget;
			buildConfigurationList = 16FBE0B21A9DB19000B6A3F5 /* Build configuration list for PBXNativeTarget "XXJoyStick" */;
			buildPhases = (
				16FBE0861A9DB19000B6A3F5 /* Sources */,
				16FBE0871A9DB19000B6A3F5 /* Frameworks */,
				16FBE0881A9DB19000B6A3F5 /* Resources */,
			);
			buildRules = (
			);
			dependencies = (
			);
			name = XXJoyStick;
			productName = XXJoyStick;
			productReference = 16FBE08A1A9DB19000B6A3F5 /* XXJoyStick.app */;
			productType = "com.apple.product-type.application";
		};
		16FBE0A71A9DB19000B6A3F5 /* XXJoyStickTests */ = {
			isa = PBXNativeTarget;
			buildConfigurationList = 16FBE0B51A9DB19000B6A3F5 /* Build configuration list for PBXNativeTarget "XXJoyStickTests" */;
			buildPhases = (
				16FBE0A41A9DB19000B6A3F5 /* Sources */,
				16FBE0A51A9DB19000B6A3F5 /* Frameworks */,
				16FBE0A61A9DB19000B6A3F5 /* Resources */,
			);
			buildRules = (
			);
			dependencies = (
				16FBE0AA1A9DB19000B6A3F5 /* PBXTargetDependency */,
			);
			name = XXJoyStickTests;
			productName = XXJoyStickTests;
			productReference = 16FBE0A81A9DB19000B6A3F5 /* XXJoyStickTests.xctest */;
			productType = "com.apple.product-type.bundle.unit-test";
		};
/* End PBXNativeTarget section */

/* Begin PBXProject section */
		16FBE0821A9DB19000B6A3F5 /* Project object */ = {
			isa = PBXProject;
			attributes = {
				LastUpgradeCheck = 0610;
				ORGANIZATIONNAME = OoO;
				TargetAttributes = {
					16FBE0891A9DB19000B6A3F5 = {
						CreatedOnToolsVersion = 6.1;
					};
					16FBE0A71A9DB19000B6A3F5 = {
						CreatedOnToolsVersion = 6.1;
						TestTargetID = 16FBE0891A9DB19000B6A3F5;
					};
				};
			};
			buildConfigurationList = 16FBE0851A9DB19000B6A3F5 /* Build configuration list for PBXProject "XXJoyStick" */;
			compatibilityVersion = "Xcode 3.2";
			developmentRegion = English;
			hasScannedForEncodings = 0;
			knownRegions = (
				en,
				Base,
			);
			mainGroup = 16FBE0811A9DB19000B6A3F5;
			productRefGroup = 16FBE08B1A9DB19000B6A3F5 /* Products */;
			projectDirPath = "";
			projectRoot = "";
			targets = (
				16FBE0891A9DB19000B6A3F5 /* XXJoyStick */,
				16FBE0A71A9DB19000B6A3F5 /* XXJoyStickTests */,
			);
		};
/* End PBXProject section */

/* Begin PBXResourcesBuildPhase section */
		16FBE0881A9DB19000B6A3F5 /* Resources */ = {
			isa = PBXResourcesBuildPhase;
			buildActionMask = 2147483647;
			files = (
				16FBE0A31A9DB19000B6A3F5 /* LaunchScreen.xib in Resources */,
				16FBE0C41A9DB21C00B6A3F5 /* dpad.png in Resources */,
				16FBE0A01A9DB19000B6A3F5 /* Images.xcassets in Resources */,
				16FBE0C51A9DB21C00B6A3F5 /* joystick.png in Resources */,
				16FBE0981A9DB19000B6A3F5 /* GameScene.sks in Resources */,
				16FBE09E1A9DB19000B6A3F5 /* Main.storyboard in Resources */,
			);
			runOnlyForDeploymentPostprocessing = 0;
		};
		16FBE0A61A9DB19000B6A3F5 /* Resources */ = {
			isa = PBXResourcesBuildPhase;
			buildActionMask = 2147483647;
			files = (
			);
			runOnlyForDeploymentPostprocessing = 0;
		};
/* End PBXResourcesBuildPhase section */

/* Begin PBXSourcesBuildPhase section */
		16FBE0861A9DB19000B6A3F5 /* Sources */ = {
			isa = PBXSourcesBuildPhase;
			buildActionMask = 2147483647;
			files = (
				16FBE0C81A9DB23A00B6A3F5 /* XXJoyStickNode.m in Sources */,
				16FBE09B1A9DB19000B6A3F5 /* GameViewController.m in Sources */,
				16FBE0931A9DB19000B6A3F5 /* AppDelegate.m in Sources */,
				16FBE0961A9DB19000B6A3F5 /* GameScene.m in Sources */,
				16FBE0901A9DB19000B6A3F5 /* main.m in Sources */,
			);
			runOnlyForDeploymentPostprocessing = 0;
		};
		16FBE0A41A9DB19000B6A3F5 /* Sources */ = {
			isa = PBXSourcesBuildPhase;
			buildActionMask = 2147483647;
			files = (
				16FBE0AF1A9DB19000B6A3F5 /* XXJoyStickTests.m in Sources */,
			);
			runOnlyForDeploymentPostprocessing = 0;
		};
/* End PBXSourcesBuildPhase section */

/* Begin PBXTargetDependency section */
		16FBE0AA1A9DB19000B6A3F5 /* PBXTargetDependency */ = {
			isa = PBXTargetDependency;
			target = 16FBE0891A9DB19000B6A3F5 /* XXJoyStick */;
			targetProxy = 16FBE0A91A9DB19000B6A3F5 /* PBXContainerItemProxy */;
		};
/* End PBXTargetDependency section */

/* Begin PBXVariantGroup section */
		16FBE09C1A9DB19000B6A3F5 /* Main.storyboard */ = {
			isa = PBXVariantGroup;
			children = (
				16FBE09D1A9DB19000B6A3F5 /* Base */,
			);
			name = Main.storyboard;
			sourceTree = "<group>";
		};
		16FBE0A11A9DB19000B6A3F5 /* LaunchScreen.xib */ = {
			isa = PBXVariantGroup;
			children = (
				16FBE0A21A9DB19000B6A3F5 /* Base */,
			);
			name = LaunchScreen.xib;
			sourceTree = "<group>";
		};
/* End PBXVariantGroup section */

/* Begin XCBuildConfiguration section */
		16FBE0B01A9DB19000B6A3F5 /* Debug */ = {
			isa = XCBuildConfiguration;
			buildSettings = {
				ALWAYS_SEARCH_USER_PATHS = NO;
				CLANG_CXX_LANGUAGE_STANDARD = "gnu++0x";
				CLANG_CXX_LIBRARY = "libc++";
				CLANG_ENABLE_MODULES = YES;
				CLANG_ENABLE_OBJC_ARC = YES;
				CLANG_WARN_BOOL_CONVERSION = YES;
				CLANG_WARN_CONSTANT_CONVERSION = YES;
				CLANG_WARN_DIRECT_OBJC_ISA_USAGE = YES_ERROR;
				CLANG_WARN_EMPTY_BODY = YES;
				CLANG_WARN_ENUM_CONVERSION = YES;
				CLANG_WARN_INT_CONVERSION = YES;
				CLANG_WARN_OBJC_ROOT_CLASS = YES_ERROR;
				CLANG_WARN_UNREACHABLE_CODE = YES;
				CLANG_WARN__DUPLICATE_METHOD_MATCH = YES;
				"CODE_SIGN_IDENTITY[sdk=iphoneos*]" = "iPhone Developer";
				COPY_PHASE_STRIP = NO;
				ENABLE_STRICT_OBJC_MSGSEND = YES;
				GCC_C_LANGUAGE_STANDARD = gnu99;
				GCC_DYNAMIC_NO_PIC = NO;
				GCC_OPTIMIZATION_LEVEL = 0;
				GCC_PREPROCESSOR_DEFINITIONS = (
					"DEBUG=1",
					"$(inherited)",
				);
				GCC_SYMBOLS_PRIVATE_EXTERN = NO;
				GCC_WARN_64_TO_32_BIT_CONVERSION = YES;
				GCC_WARN_ABOUT_RETURN_TYPE = YES_ERROR;
				GCC_WARN_UNDECLARED_SELECTOR = YES;
				GCC_WARN_UNINITIALIZED_AUTOS = YES_AGGRESSIVE;
				GCC_WARN_UNUSED_FUNCTION = YES;
				GCC_WARN_UNUSED_VARIABLE = YES;
				IPHONEOS_DEPLOYMENT_TARGET = 8.1;
				MTL_ENABLE_DEBUG_INFO = YES;
				ONLY_ACTIVE_ARCH = YES;
				SDKROOT = iphoneos;
			};
			name = Debug;
		};
		16FBE0B11A9DB19000B6A3F5 /* Release */ = {
			isa = XCBuildConfiguration;
			buildSettings = {
				ALWAYS_SEARCH_USER_PATHS = NO;
				CLANG_CXX_LANGUAGE_STANDARD = "gnu++0x";
				CLANG_CXX_LIBRARY = "libc++";
				CLANG_ENABLE_MODULES = YES;
				CLANG_ENABLE_OBJC_ARC = YES;
				CLANG_WARN_BOOL_CONVERSION = YES;
				CLANG_WARN_CONSTANT_CONVERSION = YES;
				CLANG_WARN_DIRECT_OBJC_ISA_USAGE = YES_ERROR;
				CLANG_WARN_EMPTY_BODY = YES;
				CLANG_WARN_ENUM_CONVERSION = YES;
				CLANG_WARN_INT_CONVERSION = YES;
				CLANG_WARN_OBJC_ROOT_CLASS = YES_ERROR;
				CLANG_WARN_UNREACHABLE_CODE = YES;
				CLANG_WARN__DUPLICATE_METHOD_MATCH = YES;
				"CODE_SIGN_IDENTITY[sdk=iphoneos*]" = "iPhone Developer";
				COPY_PHASE_STRIP = YES;
				ENABLE_NS_ASSERTIONS = NO;
				ENABLE_STRICT_OBJC_MSGSEND = YES;
				GCC_C_LANGUAGE_STANDARD = gnu99;
				GCC_WARN_64_TO_32_BIT_CONVERSION = YES;
				GCC_WARN_ABOUT_RETURN_TYPE = YES_ERROR;
				GCC_WARN_UNDECLARED_SELECTOR = YES;
				GCC_WARN_UNINITIALIZED_AUTOS = YES_AGGRESSIVE;
				GCC_WARN_UNUSED_FUNCTION = YES;
				GCC_WARN_UNUSED_VARIABLE = YES;
				IPHONEOS_DEPLOYMENT_TARGET = 8.1;
				MTL_ENABLE_DEBUG_INFO = NO;
				SDKROOT = iphoneos;
				VALIDATE_PRODUCT = YES;
			};
			name = Release;
		};
		16FBE0B31A9DB19000B6A3F5 /* Debug */ = {
			isa = XCBuildConfiguration;
			buildSettings = {
				ASSETCATALOG_COMPILER_APPICON_NAME = AppIcon;
				INFOPLIST_FILE = XXJoyStick/Info.plist;
				LD_RUNPATH_SEARCH_PATHS = "$(inherited) @executable_path/Frameworks";
				PRODUCT_NAME = "$(TARGET_NAME)";
			};
			name = Debug;
		};
		16FBE0B41A9DB19000B6A3F5 /* Release */ = {
			isa = XCBuildConfiguration;
			buildSettings = {
				ASSETCATALOG_COMPILER_APPICON_NAME = AppIcon;
				INFOPLIST_FILE = XXJoyStick/Info.plist;
				LD_RUNPATH_SEARCH_PATHS = "$(inherited) @executable_path/Frameworks";
				PRODUCT_NAME = "$(TARGET_NAME)";
			};
			name = Release;
		};
		16FBE0B61A9DB19000B6A3F5 /* Debug */ = {
			isa = XCBuildConfiguration;
			buildSettings = {
				BUNDLE_LOADER = "$(TEST_HOST)";
				FRAMEWORK_SEARCH_PATHS = (
					"$(SDKROOT)/Developer/Library/Frameworks",
					"$(inherited)",
				);
				GCC_PREPROCESSOR_DEFINITIONS = (
					"DEBUG=1",
					"$(inherited)",
				);
				INFOPLIST_FILE = XXJoyStickTests/Info.plist;
				LD_RUNPATH_SEARCH_PATHS = "$(inherited) @executable_path/Frameworks @loader_path/Frameworks";
				PRODUCT_NAME = "$(TARGET_NAME)";
				TEST_HOST = "$(BUILT_PRODUCTS_DIR)/XXJoyStick.app/XXJoyStick";
			};
			name = Debug;
		};
		16FBE0B71A9DB19000B6A3F5 /* Release */ = {
			isa = XCBuildConfiguration;
			buildSettings = {
				BUNDLE_LOADER = "$(TEST_HOST)";
				FRAMEWORK_SEARCH_PATHS = (
					"$(SDKROOT)/Developer/Library/Frameworks",
					"$(inherited)",
				);
				INFOPLIST_FILE = XXJoyStickTests/Info.plist;
				LD_RUNPATH_SEARCH_PATHS = "$(inherited) @executable_path/Frameworks @loader_path/Frameworks";
				PRODUCT_NAME = "$(TARGET_NAME)";
				TEST_HOST = "$(BUILT_PRODUCTS_DIR)/XXJoyStick.app/XXJoyStick";
			};
			name = Release;
		};
/* End XCBuildConfiguration section */

/* Begin XCConfigurationList section */
		16FBE0851A9DB19000B6A3F5 /* Build configuration list for PBXProject "XXJoyStick" */ = {
			isa = XCConfigurationList;
			buildConfigurations = (
				16FBE0B01A9DB19000B6A3F5 /* Debug */,
				16FBE0B11A9DB19000B6A3F5 /* Release */,
			);
			defaultConfigurationIsVisible = 0;
			defaultConfigurationName = Release;
		};
		16FBE0B21A9DB19000B6A3F5 /* Build configuration list for PBXNativeTarget "XXJoyStick" */ = {
			isa = XCConfigurationList;
			buildConfigurations = (
				16FBE0B31A9DB19000B6A3F5 /* Debug */,
				16FBE0B41A9DB19000B6A3F5 /* Release */,
			);
			defaultConfigurationIsVisible = 0;
			defaultConfigurationName = Release;
		};
		16FBE0B51A9DB19000B6A3F5 /* Build configuration list for PBXNativeTarget "XXJoyStickTests" */ = {
			isa = XCConfigurationList;
			buildConfigurations = (
				16FBE0B61A9DB19000B6A3F5 /* Debug */,
				16FBE0B71A9DB19000B6A3F5 /* Release */,
			);
			defaultConfigurationIsVisible = 0;
			defaultConfigurationName = Release;
		};
/* End XCConfigurationList section */
	};
	rootObject = 16FBE0821A9DB19000B6A3F5 /* Project object */;
}
